# This file is automatically @generated by Cargo.
# It is not intended for manual editing.
version = 4

[[package]]
name = "areia"
version = "1.0.0"
source = "git+https://github.com/xqhare/areia#32f0ab3f7adc21b69590f8692c3b79197706e961"

[[package]]
name = "argos"
version = "0.1.0"
dependencies = [
 "areia",
 "athena",
 "mawu",
 "nabu",
]

[[package]]
name = "athena"
version = "1.2.1"
source = "git+https://github.com/xqhare/athena#7fa17454b2cfbbeb5f663c9df3fa245714e496bb"
dependencies = [
 "libc",
]

[[package]]
name = "libc"
version = "0.2.183"
source = "registry+https://github.com/rust-lang/crates.io-index"
checksum = "b5b646652bf6661599e1da8901b3b9522896f01e736bad5f723fe7a3a27f899d"

[[package]]
name = "mawu"
version = "1.0.0"
source = "git+https://github.com/xqhare/mawu#92698e4790405fb5a9832a8c6ce58736f7ca912d"
dependencies = [
 "athena",
]

[[package]]
name = "nabu"
version = "3.0.0"
source = "git+https://github.com/xqhare/nabu#9f3bde1903f8fefbaeb1c54025924d05113b192a"
dependencies = [
 "athena",
]
